
Microsoft Visual Studio Solution File, Format Version 12.00
Project("{FAE04EC0-301F-11D3-BF4B-00C04F79EFBC}") = "VeerPerforma", "VeerPerforma\VeerPerforma.csproj", "{3EA535A8-147C-4CD8-83E4-28A2BF0B25A3}"
EndProject
Project("{FAE04EC0-301F-11D3-BF4B-00C04F79EFBC}") = "Test.API", "Test.API\Test.API.csproj", "{2B832E9F-13DC-482C-8391-6E3ADA2CA49B}"
EndProject
Project("{FAE04EC0-301F-11D3-BF4B-00C04F79EFBC}") = "Test", "Test\Test.csproj", "{A42A41D3-7A3F-4475-B245-A2E896A2589F}"
EndProject
Project("{FAE04EC0-301F-11D3-BF4B-00C04F79EFBC}") = "VeerPerforma.Tool", "VeerPerforma.Tool\VeerPerforma.Tool.csproj", "{B0C277A0-D2EC-4ABF-B342-C7F46A30EA2E}"
EndProject
Project("{FAE04EC0-301F-11D3-BF4B-00C04F79EFBC}") = "DemoConsoleApp", "DemoConsoleApp\DemoConsoleApp.csproj", "{EE33D17C-3F19-40A9-8394-D966232723A6}"
EndProject
Project("{2150E333-8FDC-42A3-9474-1A3956D46DE8}") = "VeerTestAdapter", "VeerTestAdapter", "{7288A41A-C4A3-40B7-91B6-5F14A656A4BE}"
EndProject
Project("{FAE04EC0-301F-11D3-BF4B-00C04F79EFBC}") = "VeerPerforma.TestAdapter", "VeerPerforma.TestAdapter\VeerPerforma.TestAdapter.csproj", "{71C488BD-3668-4D53-A5BD-6E9307215B5E}"
EndProject
Project("{FAE04EC0-301F-11D3-BF4B-00C04F79EFBC}") = "DemoTestRunner", "DemoTestRunner\DemoTestRunner.csproj", "{589A178C-41ED-4B33-9DB4-DD6300DE41FB}"
EndProject
Global
	GlobalSection(SolutionConfigurationPlatforms) = preSolution
		Debug|Any CPU = Debug|Any CPU
		Release|Any CPU = Release|Any CPU
	EndGlobalSection
	GlobalSection(ProjectConfigurationPlatforms) = postSolution
		{3EA535A8-147C-4CD8-83E4-28A2BF0B25A3}.Debug|Any CPU.ActiveCfg = Debug|Any CPU
		{3EA535A8-147C-4CD8-83E4-28A2BF0B25A3}.Debug|Any CPU.Build.0 = Debug|Any CPU
		{3EA535A8-147C-4CD8-83E4-28A2BF0B25A3}.Release|Any CPU.ActiveCfg = Release|Any CPU
		{3EA535A8-147C-4CD8-83E4-28A2BF0B25A3}.Release|Any CPU.Build.0 = Release|Any CPU
		{2B832E9F-13DC-482C-8391-6E3ADA2CA49B}.Debug|Any CPU.ActiveCfg = Debug|Any CPU
		{2B832E9F-13DC-482C-8391-6E3ADA2CA49B}.Debug|Any CPU.Build.0 = Debug|Any CPU
		{2B832E9F-13DC-482C-8391-6E3ADA2CA49B}.Release|Any CPU.ActiveCfg = Release|Any CPU
		{2B832E9F-13DC-482C-8391-6E3ADA2CA49B}.Release|Any CPU.Build.0 = Release|Any CPU
		{A42A41D3-7A3F-4475-B245-A2E896A2589F}.Debug|Any CPU.ActiveCfg = Debug|Any CPU
		{A42A41D3-7A3F-4475-B245-A2E896A2589F}.Debug|Any CPU.Build.0 = Debug|Any CPU
		{A42A41D3-7A3F-4475-B245-A2E896A2589F}.Release|Any CPU.ActiveCfg = Release|Any CPU
		{A42A41D3-7A3F-4475-B245-A2E896A2589F}.Release|Any CPU.Build.0 = Release|Any CPU
		{B0C277A0-D2EC-4ABF-B342-C7F46A30EA2E}.Debug|Any CPU.ActiveCfg = Debug|Any CPU
		{B0C277A0-D2EC-4ABF-B342-C7F46A30EA2E}.Debug|Any CPU.Build.0 = Debug|Any CPU
		{B0C277A0-D2EC-4ABF-B342-C7F46A30EA2E}.Release|Any CPU.ActiveCfg = Release|Any CPU
		{B0C277A0-D2EC-4ABF-B342-C7F46A30EA2E}.Release|Any CPU.Build.0 = Release|Any CPU
		{EE33D17C-3F19-40A9-8394-D966232723A6}.Debug|Any CPU.ActiveCfg = Debug|Any CPU
		{EE33D17C-3F19-40A9-8394-D966232723A6}.Debug|Any CPU.Build.0 = Debug|Any CPU
		{EE33D17C-3F19-40A9-8394-D966232723A6}.Release|Any CPU.ActiveCfg = Release|Any CPU
		{EE33D17C-3F19-40A9-8394-D966232723A6}.Release|Any CPU.Build.0 = Release|Any CPU
		{71C488BD-3668-4D53-A5BD-6E9307215B5E}.Debug|Any CPU.ActiveCfg = Debug|Any CPU
		{71C488BD-3668-4D53-A5BD-6E9307215B5E}.Debug|Any CPU.Build.0 = Debug|Any CPU
		{71C488BD-3668-4D53-A5BD-6E9307215B5E}.Release|Any CPU.ActiveCfg = Release|Any CPU
		{71C488BD-3668-4D53-A5BD-6E9307215B5E}.Release|Any CPU.Build.0 = Release|Any CPU
		{589A178C-41ED-4B33-9DB4-DD6300DE41FB}.Debug|Any CPU.ActiveCfg = Debug|Any CPU
		{589A178C-41ED-4B33-9DB4-DD6300DE41FB}.Debug|Any CPU.Build.0 = Debug|Any CPU
		{589A178C-41ED-4B33-9DB4-DD6300DE41FB}.Release|Any CPU.ActiveCfg = Release|Any CPU
		{589A178C-41ED-4B33-9DB4-DD6300DE41FB}.Release|Any CPU.Build.0 = Release|Any CPU
	EndGlobalSection
	GlobalSection(NestedProjects) = preSolution
		{71C488BD-3668-4D53-A5BD-6E9307215B5E} = {7288A41A-C4A3-40B7-91B6-5F14A656A4BE}
	EndGlobalSection
EndGlobal
